
Microsoft Visual Studio Solution File, Format Version 12.00
# Visual Studio 15
VisualStudioVersion = 15.0.27428.2015
MinimumVisualStudioVersion = 10.0.40219.1
Project("{FAE04EC0-301F-11D3-BF4B-00C04F79EFBC}") = "Exam", "Exam\Exam.csproj", "{F71D684F-36B5-41AA-8E9F-25202AF6F9D0}"
EndProject
Project("{FAE04EC0-301F-11D3-BF4B-00C04F79EFBC}") = "Exam.Test", "Exam.Test\Exam.Test.csproj", "{92DA6DC0-7677-405A-9FCF-F7A3D3BC4D7A}"
EndProject
Project("{2150E333-8FDC-42A3-9474-1A3956D46DE8}") = "Solution Items", "Solution Items", "{1FE627BB-D80A-404B-BDCF-CA16050A0851}"
	ProjectSection(SolutionItems) = preProject
		.gitignore = .gitignore
	EndProjectSection
EndProject
Global
	GlobalSection(SolutionConfigurationPlatforms) = preSolution
		Debug|Any CPU = Debug|Any CPU
		Release|Any CPU = Release|Any CPU
	EndGlobalSection
	GlobalSection(ProjectConfigurationPlatforms) = postSolution
		{F71D684F-36B5-41AA-8E9F-25202AF6F9D0}.Debug|Any CPU.ActiveCfg = Debug|Any CPU
		{F71D684F-36B5-41AA-8E9F-25202AF6F9D0}.Debug|Any CPU.Build.0 = Debug|Any CPU
		{F71D684F-36B5-41AA-8E9F-25202AF6F9D0}.Release|Any CPU.ActiveCfg = Release|Any CPU
		{F71D684F-36B5-41AA-8E9F-25202AF6F9D0}.Release|Any CPU.Build.0 = Release|Any CPU
		{92DA6DC0-7677-405A-9FCF-F7A3D3BC4D7A}.Debug|Any CPU.ActiveCfg = Debug|Any CPU
		{92DA6DC0-7677-405A-9FCF-F7A3D3BC4D7A}.Debug|Any CPU.Build.0 = Debug|Any CPU
		{92DA6DC0-7677-405A-9FCF-F7A3D3BC4D7A}.Release|Any CPU.ActiveCfg = Release|Any CPU
		{92DA6DC0-7677-405A-9FCF-F7A3D3BC4D7A}.Release|Any CPU.Build.0 = Release|Any CPU
	EndGlobalSection
	GlobalSection(SolutionProperties) = preSolution
		HideSolutionNode = FALSE
	EndGlobalSection
	GlobalSection(ExtensibilityGlobals) = postSolution
		SolutionGuid = {18F10E13-F4FE-4ADA-A64B-FEF1D5CCB9E1}
	EndGlobalSection
EndGlobal
